
Microsoft Visual Studio Solution File, Format Version 12.00
# Visual Studio 15
VisualStudioVersion = 15.0.27428.2043
MinimumVisualStudioVersion = 10.0.40219.1
Project("{FAE04EC0-301F-11D3-BF4B-00C04F79EFBC}") = "PracticeAndLearning", "PracticeAndLearning\PracticeAndLearning.csproj", "{29E754F6-1F0E-4909-8B64-F937E029C084}"
EndProject
Global
	GlobalSection(SolutionConfigurationPlatforms) = preSolution
		Debug|Any CPU = Debug|Any CPU
		Release|Any CPU = Release|Any CPU
	EndGlobalSection
	GlobalSection(ProjectConfigurationPlatforms) = postSolution
		{29E754F6-1F0E-4909-8B64-F937E029C084}.Debug|Any CPU.ActiveCfg = Debug|Any CPU
		{29E754F6-1F0E-4909-8B64-F937E029C084}.Debug|Any CPU.Build.0 = Debug|Any CPU
		{29E754F6-1F0E-4909-8B64-F937E029C084}.Release|Any CPU.ActiveCfg = Release|Any CPU
		{29E754F6-1F0E-4909-8B64-F937E029C084}.Release|Any CPU.Build.0 = Release|Any CPU
	EndGlobalSection
	GlobalSection(SolutionProperties) = preSolution
		HideSolutionNode = FALSE
	EndGlobalSection
	GlobalSection(ExtensibilityGlobals) = postSolution
		SolutionGuid = {9207DDEA-D1EE-4C87-934F-0CF70448E6AD}
	EndGlobalSection
EndGlobal
